
Microsoft Visual Studio Solution File, Format Version 12.00
# Visual Studio Version 17
VisualStudioVersion = 17.9.34622.214
MinimumVisualStudioVersion = 10.0.40219.1
Project("{FAE04EC0-301F-11D3-BF4B-00C04F79EFBC}") = "01. Student Information", "Basic Syntax\01. Student Information.csproj", "{A2E8CC13-35A0-476C-8AFE-E48E75B925A1}"
EndProject
Project("{FAE04EC0-301F-11D3-BF4B-00C04F79EFBC}") = "02. Passed", "2. Passed\02. Passed.csproj", "{56D0E95B-D8F0-4550-B513-DF868D438714}"
EndProject
Project("{FAE04EC0-301F-11D3-BF4B-00C04F79EFBC}") = "04. Back in 30Min", "4. Back in 30Min\04. Back in 30Min.csproj", "{4F7DA6D3-72B7-45D1-A6B5-66A04E2E7DE2}"
EndProject
Project("{FAE04EC0-301F-11D3-BF4B-00C04F79EFBC}") = "05. Month Printer", "5. Month Printer\05. Month Printer.csproj", "{ABAF8D58-EAC7-4FF7-951B-5308611F00C5}"
EndProject
Project("{FAE04EC0-301F-11D3-BF4B-00C04F79EFBC}") = "06. Divisable by 3", "Divisable by 3\06. Divisable by 3.csproj", "{9C106D92-62C0-44C5-B2A3-ED40B5685489}"
EndProject
Project("{FAE04EC0-301F-11D3-BF4B-00C04F79EFBC}") = "07. Ages", "Ages\07. Ages.csproj", "{4ABBFF06-5786-48E6-8FF6-F71004BA345F}"
EndProject
Project("{FAE04EC0-301F-11D3-BF4B-00C04F79EFBC}") = "08. Division", "8. Division\08. Division.csproj", "{2A9288BE-4201-4F8C-A6D1-1104874C4F31}"
EndProject
Project("{FAE04EC0-301F-11D3-BF4B-00C04F79EFBC}") = "09. Vacation", "9. Vacation\09. Vacation.csproj", "{B5C951CC-FD9F-4A00-9D5D-56A2A5E0CBB9}"
EndProject
Project("{FAE04EC0-301F-11D3-BF4B-00C04F79EFBC}") = "10.Print and Sum", "10.Print and Sum\10.Print and Sum.csproj", "{9FB1AC82-4DAC-45DA-A392-6EAA454D3488}"
EndProject
Project("{FAE04EC0-301F-11D3-BF4B-00C04F79EFBC}") = "11. Login", "11. Login\11. Login.csproj", "{AA6EB149-5F3E-4EB4-B2DD-C608E7A429B0}"
EndProject
Global
	GlobalSection(SolutionConfigurationPlatforms) = preSolution
		Debug|Any CPU = Debug|Any CPU
		Release|Any CPU = Release|Any CPU
	EndGlobalSection
	GlobalSection(ProjectConfigurationPlatforms) = postSolution
		{A2E8CC13-35A0-476C-8AFE-E48E75B925A1}.Debug|Any CPU.ActiveCfg = Debug|Any CPU
		{A2E8CC13-35A0-476C-8AFE-E48E75B925A1}.Debug|Any CPU.Build.0 = Debug|Any CPU
		{A2E8CC13-35A0-476C-8AFE-E48E75B925A1}.Release|Any CPU.ActiveCfg = Release|Any CPU
		{A2E8CC13-35A0-476C-8AFE-E48E75B925A1}.Release|Any CPU.Build.0 = Release|Any CPU
		{56D0E95B-D8F0-4550-B513-DF868D438714}.Debug|Any CPU.ActiveCfg = Debug|Any CPU
		{56D0E95B-D8F0-4550-B513-DF868D438714}.Debug|Any CPU.Build.0 = Debug|Any CPU
		{56D0E95B-D8F0-4550-B513-DF868D438714}.Release|Any CPU.ActiveCfg = Release|Any CPU
		{56D0E95B-D8F0-4550-B513-DF868D438714}.Release|Any CPU.Build.0 = Release|Any CPU
		{4F7DA6D3-72B7-45D1-A6B5-66A04E2E7DE2}.Debug|Any CPU.ActiveCfg = Debug|Any CPU
		{4F7DA6D3-72B7-45D1-A6B5-66A04E2E7DE2}.Debug|Any CPU.Build.0 = Debug|Any CPU
		{4F7DA6D3-72B7-45D1-A6B5-66A04E2E7DE2}.Release|Any CPU.ActiveCfg = Release|Any CPU
		{4F7DA6D3-72B7-45D1-A6B5-66A04E2E7DE2}.Release|Any CPU.Build.0 = Release|Any CPU
		{ABAF8D58-EAC7-4FF7-951B-5308611F00C5}.Debug|Any CPU.ActiveCfg = Debug|Any CPU
		{ABAF8D58-EAC7-4FF7-951B-5308611F00C5}.Debug|Any CPU.Build.0 = Debug|Any CPU
		{ABAF8D58-EAC7-4FF7-951B-5308611F00C5}.Release|Any CPU.ActiveCfg = Release|Any CPU
		{ABAF8D58-EAC7-4FF7-951B-5308611F00C5}.Release|Any CPU.Build.0 = Release|Any CPU
		{9C106D92-62C0-44C5-B2A3-ED40B5685489}.Debug|Any CPU.ActiveCfg = Debug|Any CPU
		{9C106D92-62C0-44C5-B2A3-ED40B5685489}.Debug|Any CPU.Build.0 = Debug|Any CPU
		{9C106D92-62C0-44C5-B2A3-ED40B5685489}.Release|Any CPU.ActiveCfg = Release|Any CPU
		{9C106D92-62C0-44C5-B2A3-ED40B5685489}.Release|Any CPU.Build.0 = Release|Any CPU
		{4ABBFF06-5786-48E6-8FF6-F71004BA345F}.Debug|Any CPU.ActiveCfg = Debug|Any CPU
		{4ABBFF06-5786-48E6-8FF6-F71004BA345F}.Debug|Any CPU.Build.0 = Debug|Any CPU
		{4ABBFF06-5786-48E6-8FF6-F71004BA345F}.Release|Any CPU.ActiveCfg = Release|Any CPU
		{4ABBFF06-5786-48E6-8FF6-F71004BA345F}.Release|Any CPU.Build.0 = Release|Any CPU
		{2A9288BE-4201-4F8C-A6D1-1104874C4F31}.Debug|Any CPU.ActiveCfg = Debug|Any CPU
		{2A9288BE-4201-4F8C-A6D1-1104874C4F31}.Debug|Any CPU.Build.0 = Debug|Any CPU
		{2A9288BE-4201-4F8C-A6D1-1104874C4F31}.Release|Any CPU.ActiveCfg = Release|Any CPU
		{2A9288BE-4201-4F8C-A6D1-1104874C4F31}.Release|Any CPU.Build.0 = Release|Any CPU
		{B5C951CC-FD9F-4A00-9D5D-56A2A5E0CBB9}.Debug|Any CPU.ActiveCfg = Debug|Any CPU
		{B5C951CC-FD9F-4A00-9D5D-56A2A5E0CBB9}.Debug|Any CPU.Build.0 = Debug|Any CPU
		{B5C951CC-FD9F-4A00-9D5D-56A2A5E0CBB9}.Release|Any CPU.ActiveCfg = Release|Any CPU
		{B5C951CC-FD9F-4A00-9D5D-56A2A5E0CBB9}.Release|Any CPU.Build.0 = Release|Any CPU
		{9FB1AC82-4DAC-45DA-A392-6EAA454D3488}.Debug|Any CPU.ActiveCfg = Debug|Any CPU
		{9FB1AC82-4DAC-45DA-A392-6EAA454D3488}.Debug|Any CPU.Build.0 = Debug|Any CPU
		{9FB1AC82-4DAC-45DA-A392-6EAA454D3488}.Release|Any CPU.ActiveCfg = Release|Any CPU
		{9FB1AC82-4DAC-45DA-A392-6EAA454D3488}.Release|Any CPU.Build.0 = Release|Any CPU
		{AA6EB149-5F3E-4EB4-B2DD-C608E7A429B0}.Debug|Any CPU.ActiveCfg = Debug|Any CPU
		{AA6EB149-5F3E-4EB4-B2DD-C608E7A429B0}.Debug|Any CPU.Build.0 = Debug|Any CPU
		{AA6EB149-5F3E-4EB4-B2DD-C608E7A429B0}.Release|Any CPU.ActiveCfg = Release|Any CPU
		{AA6EB149-5F3E-4EB4-B2DD-C608E7A429B0}.Release|Any CPU.Build.0 = Release|Any CPU
	EndGlobalSection
	GlobalSection(SolutionProperties) = preSolution
		HideSolutionNode = FALSE
	EndGlobalSection
	GlobalSection(ExtensibilityGlobals) = postSolution
		SolutionGuid = {4204BD2B-A212-46D2-956E-EF35B9898BFE}
	EndGlobalSection
EndGlobal
